// !$*UTF8*$!
{
	archiveVersion = 1;
	classes = {
	};
	objectVersion = 77;
	objects = {

/* Begin PBXBuildFile section */
		337F59232F84F6B200AD285A /* FirebaseAuth in Frameworks */ = {isa = PBXBuildFile; productRef = CA00A0022F84E9AD003A6435 /* FirebaseAuth */; };
		337F59242F84F6B200AD285A /* FirebaseFirestore in Frameworks */ = {isa = PBXBuildFile; productRef = CA00A0032F84E9AD003A6435 /* FirebaseFirestore */; };
		337F59252F84F6B200AD285A /* FirebaseMessaging in Frameworks */ = {isa = PBXBuildFile; productRef = CA00A0042F84E9AD003A6435 /* FirebaseMessaging */; };
		337F59262F84F6B200AD285A /* FirebaseStorage in Frameworks */ = {isa = PBXBuildFile; productRef = CA00A0052F84E9AD003A6435 /* FirebaseStorage */; };
		337F59C12F851F9D00AD285A /* GoogleSignIn in Frameworks */ = {isa = PBXBuildFile; productRef = 337F59C02F851F9D00AD285A /* GoogleSignIn */; };
		337F59C32F851F9D00AD285A /* GoogleSignInSwift in Frameworks */ = {isa = PBXBuildFile; productRef = 337F59C22F851F9D00AD285A /* GoogleSignInSwift */; };
/* End PBXBuildFile section */

/* Begin PBXFileReference section */
		3307E5032F9FA7010044A831 /* care link Watch App.appex */ = {isa = PBXFileReference; explicitFileType = "wrapper.extensionkit-extension"; includeInIndex = 0; path = "care link Watch App.appex"; sourceTree = BUILT_PRODUCTS_DIR; };
		335177EF2F84E9AD003A6435 /* care link.app */ = {isa = PBXFileReference; explicitFileType = wrapper.application; includeInIndex = 0; path = "care link.app"; sourceTree = BUILT_PRODUCTS_DIR; };
/* End PBXFileReference section */

/* Begin PBXFileSystemSynchronizedBuildFileExceptionSet section */
		3307E50A2F9FA7010044A831 /* Exceptions for "care link Watch App" folder in "care link Watch App" target */ = {
			isa = PBXFileSystemSynchronizedBuildFileExceptionSet;
			membershipExceptions = (
				Info.plist,
			);
			target = 3307E5022F9FA7010044A831 /* care link Watch App */;
		};
/* End PBXFileSystemSynchronizedBuildFileExceptionSet section */

/* Begin PBXFileSystemSynchronizedRootGroup section */
		3307E5042F9FA7010044A831 /* care link Watch App */ = {
			isa = PBXFileSystemSynchronizedRootGroup;
			exceptions = (
				3307E50A2F9FA7010044A831 /* Exceptions for "care link Watch App" folder in "care link Watch App" target */,
			);
			path = "care link Watch App";
			sourceTree = "<group>";
		};
		335177F12F84E9AD003A6435 /* care link */ = {
			isa = PBXFileSystemSynchronizedRootGroup;
			path = "care link";
			sourceTree = "<group>";
		};
/* End PBXFileSystemSynchronizedRootGroup section */

/* Begin PBXFrameworksBuildPhase section */
		3307E5002F9FA7010044A831 /* Frameworks */ = {
			isa = PBXFrameworksBuildPhase;
			buildActionMask = 2147483647;
			files = (
			);
			runOnlyForDeploymentPostprocessing = 0;
		};
		335177EC2F84E9AD003A6435 /* Frameworks */ = {
			isa = PBXFrameworksBuildPhase;
			buildActionMask = 2147483647;
			files = (
				337F59C12F851F9D00AD285A /* GoogleSignIn in Frameworks */,
				337F59262F84F6B200AD285A /* FirebaseStorage in Frameworks */,
				337F59252F84F6B200AD285A /* FirebaseMessaging in Frameworks */,
				337F59C32F851F9D00AD285A /* GoogleSignInSwift in Frameworks */,
				337F59242F84F6B200AD285A /* FirebaseFirestore in Frameworks */,
				337F59232F84F6B200AD285A /* FirebaseAuth in Frameworks */,
			);
			runOnlyForDeploymentPostprocessing = 0;
		};
/* End PBXFrameworksBuildPhase section */

/* Begin PBXGroup section */
		335177E62F84E9AD003A6435 = {
			isa = PBXGroup;
			children = (
				335177F12F84E9AD003A6435 /* care link */,
				3307E5042F9FA7010044A831 /* care link Watch App */,
				335177F02F84E9AD003A6435 /* Products */,
			);
			sourceTree = "<group>";
		};
		335177F02F84E9AD003A6435 /* Products */ = {
			isa = PBXGroup;
			children = (
				335177EF2F84E9AD003A6435 /* care link.app */,
				3307E5032F9FA7010044A831 /* care link Watch App.appex */,
			);
			name = Products;
			sourceTree = "<group>";
		};
/* End PBXGroup section */

/* Begin PBXNativeTarget section */
		3307E5022F9FA7010044A831 /* care link Watch App */ = {
			isa = PBXNativeTarget;
			buildConfigurationList = 3307E50B2F9FA7010044A831 /* Build configuration list for PBXNativeTarget "care link Watch App" */;
			buildPhases = (
				3307E4FF2F9FA7010044A831 /* Sources */,
				3307E5002F9FA7010044A831 /* Frameworks */,
				3307E5012F9FA7010044A831 /* Resources */,
			);
			buildRules = (
			);
			dependencies = (
			);
			fileSystemSynchronizedGroups = (
				3307E5042F9FA7010044A831 /* care link Watch App */,
			);
			name = "care link Watch App";
			packageProductDependencies = (
			);
			productName = "care link Watch App";
			productReference = 3307E5032F9FA7010044A831 /* care link Watch App.appex */;
			productType = "com.apple.product-type.extensionkit-extension";
		};
		335177EE2F84E9AD003A6435 /* care link */ = {
			isa = PBXNativeTarget;
			buildConfigurationList = 335177FA2F84E9AF003A6435 /* Build configuration list for PBXNativeTarget "care link" */;
			buildPhases = (
				335177EB2F84E9AD003A6435 /* Sources */,
				335177EC2F84E9AD003A6435 /* Frameworks */,
				335177ED2F84E9AD003A6435 /* Resources */,
			);
			buildRules = (
			);
			dependencies = (
			);
			fileSystemSynchronizedGroups = (
				335177F12F84E9AD003A6435 /* care link */,
			);
			name = "care link";
			packageProductDependencies = (
				CA00A0022F84E9AD003A6435 /* FirebaseAuth */,
				CA00A0032F84E9AD003A6435 /* FirebaseFirestore */,
				CA00A0042F84E9AD003A6435 /* FirebaseMessaging */,
				CA00A0052F84E9AD003A6435 /* FirebaseStorage */,
				337F59C02F851F9D00AD285A /* GoogleSignIn */,
				337F59C22F851F9D00AD285A /* GoogleSignInSwift */,
			);
			productName = "care link";
			productReference = 335177EF2F84E9AD003A6435 /* care link.app */;
			productType = "com.apple.product-type.application";
		};
/* End PBXNativeTarget section */

/* Begin PBXProject section */
		335177E72F84E9AD003A6435 /* Project object */ = {
			isa = PBXProject;
			attributes = {
				BuildIndependentTargetsInParallel = 1;
				LastSwiftUpdateCheck = 2620;
				LastUpgradeCheck = 2620;
				TargetAttributes = {
					3307E5022F9FA7010044A831 = {
						CreatedOnToolsVersion = 26.2;
					};
					335177EE2F84E9AD003A6435 = {
						CreatedOnToolsVersion = 26.2;
					};
				};
			};
			buildConfigurationList = 335177EA2F84E9AD003A6435 /* Build configuration list for PBXProject "care link" */;
			developmentRegion = en;
			hasScannedForEncodings = 0;
			knownRegions = (
				en,
				Base,
			);
			mainGroup = 335177E62F84E9AD003A6435;
			minimizedProjectReferenceProxies = 1;
			packageReferences = (
				CA00A0012F84E9AD003A6435 /* XCRemoteSwiftPackageReference "firebase-ios-sdk" */,
				337F59BF2F851F9C00AD285A /* XCRemoteSwiftPackageReference "GoogleSignIn-iOS" */,
			);
			preferredProjectObjectVersion = 77;
			productRefGroup = 335177F02F84E9AD003A6435 /* Products */;
			projectDirPath = "";
			projectRoot = "";
			targets = (
				335177EE2F84E9AD003A6435 /* care link */,
				3307E5022F9FA7010044A831 /* care link Watch App */,
			);
		};
/* End PBXProject section */

/* Begin PBXResourcesBuildPhase section */
		3307E5012F9FA7010044A831 /* Resources */ = {
			isa = PBXResourcesBuildPhase;
			buildActionMask = 2147483647;
			files = (
			);
			runOnlyForDeploymentPostprocessing = 0;
		};
		335177ED2F84E9AD003A6435 /* Resources */ = {
			isa = PBXResourcesBuildPhase;
			buildActionMask = 2147483647;
			files = (
			);
			runOnlyForDeploymentPostprocessing = 0;
		};
/* End PBXResourcesBuildPhase section */

/* Begin PBXSourcesBuildPhase section */
		3307E4FF2F9FA7010044A831 /* Sources */ = {
			isa = PBXSourcesBuildPhase;
			buildActionMask = 2147483647;
			files = (
			);
			runOnlyForDeploymentPostprocessing = 0;
		};
		335177EB2F84E9AD003A6435 /* Sources */ = {
			isa = PBXSourcesBuildPhase;
			buildActionMask = 2147483647;
			files = (
			);
			runOnlyForDeploymentPostprocessing = 0;
		};
/* End PBXSourcesBuildPhase section */

/* Begin XCBuildConfiguration section */
		3307E50C2F9FA7010044A831 /* Debug */ = {
			isa = XCBuildConfiguration;
			buildSettings = {
				CODE_SIGN_STYLE = Automatic;
				CURRENT_PROJECT_VERSION = 1;
				GENERATE_INFOPLIST_FILE = YES;
				INFOPLIST_FILE = "care link Watch App/Info.plist";
				INFOPLIST_KEY_CFBundleDisplayName = "care link Watch App";
				INFOPLIST_KEY_NSHumanReadableCopyright = "";
				LD_RUNPATH_SEARCH_PATHS = (
					"$(inherited)",
					"@executable_path/Frameworks",
					"@executable_path/../../Frameworks",
					"@executable_path/../../../../Frameworks",
				);
				MARKETING_VERSION = 1.0;
				PRODUCT_BUNDLE_IDENTIFIER = "cobsccomp242p-27.care-link-Watch-App";
				PRODUCT_NAME = "$(TARGET_NAME)";
				SDKROOT = watchos;
				SKIP_INSTALL = YES;
				STRING_CATALOG_GENERATE_SYMBOLS = YES;
				SWIFT_APPROACHABLE_CONCURRENCY = YES;
				SWIFT_EMIT_LOC_STRINGS = YES;
				SWIFT_UPCOMING_FEATURE_MEMBER_IMPORT_VISIBILITY = YES;
				SWIFT_VERSION = 5.0;
				TARGETED_DEVICE_FAMILY = 4;
				WATCHOS_DEPLOYMENT_TARGET = 26.2;
			};
			name = Debug;
		};
		3307E50D2F9FA7010044A831 /* Release */ = {
			isa = XCBuildConfiguration;
			buildSettings = {
				CODE_SIGN_STYLE = Automatic;
				CURRENT_PROJECT_VERSION = 1;
				GENERATE_INFOPLIST_FILE = YES;
				INFOPLIST_FILE = "care link Watch App/Info.plist";
				INFOPLIST_KEY_CFBundleDisplayName = "care link Watch App";
				INFOPLIST_KEY_NSHumanReadableCopyright = "";
				LD_RUNPATH_SEARCH_PATHS = (
					"$(inherited)",
					"@executable_path/Frameworks",
					"@executable_path/../../Frameworks",
					"@executable_path/../../../../Frameworks",
				);
				MARKETING_VERSION = 1.0;
				PRODUCT_BUNDLE_IDENTIFIER = "cobsccomp242p-27.care-link-Watch-App";
				PRODUCT_NAME = "$(TARGET_NAME)";
				SDKROOT = watchos;
				SKIP_INSTALL = YES;
				STRING_CATALOG_GENERATE_SYMBOLS = YES;
				SWIFT_APPROACHABLE_CONCURRENCY = YES;
				SWIFT_EMIT_LOC_STRINGS = YES;
				SWIFT_UPCOMING_FEATURE_MEMBER_IMPORT_VISIBILITY = YES;
				SWIFT_VERSION = 5.0;
				TARGETED_DEVICE_FAMILY = 4;
				WATCHOS_DEPLOYMENT_TARGET = 26.2;
			};
			name = Release;
		};
		335177F82F84E9AF003A6435 /* Debug */ = {
			isa = XCBuildConfiguration;
			buildSettings = {
				ALWAYS_SEARCH_USER_PATHS = NO;
				ASSETCATALOG_COMPILER_GENERATE_SWIFT_ASSET_SYMBOL_EXTENSIONS = YES;
				CLANG_ANALYZER_NONNULL = YES;
				CLANG_ANALYZER_NUMBER_OBJECT_CONVERSION = YES_AGGRESSIVE;
				CLANG_CXX_LANGUAGE_STANDARD = "gnu++20";
				CLANG_ENABLE_MODULES = YES;
				CLANG_ENABLE_OBJC_ARC = YES;
				CLANG_ENABLE_OBJC_WEAK = YES;
				CLANG_WARN_BLOCK_CAPTURE_AUTORELEASING = YES;
				CLANG_WARN_BOOL_CONVERSION = YES;
				CLANG_WARN_COMMA = YES;
				CLANG_WARN_CONSTANT_CONVERSION = YES;
				CLANG_WARN_DEPRECATED_OBJC_IMPLEMENTATIONS = YES;
				CLANG_WARN_DIRECT_OBJC_ISA_USAGE = YES_ERROR;
				CLANG_WARN_DOCUMENTATION_COMMENTS = YES;
				CLANG_WARN_EMPTY_BODY = YES;
				CLANG_WARN_ENUM_CONVERSION = YES;
				CLANG_WARN_INFINITE_RECURSION = YES;
				CLANG_WARN_INT_CONVERSION = YES;
				CLANG_WARN_NON_LITERAL_NULL_CONVERSION = YES;
				CLANG_WARN_OBJC_IMPLICIT_RETAIN_SELF = YES;
				CLANG_WARN_OBJC_LITERAL_CONVERSION = YES;
				CLANG_WARN_OBJC_ROOT_CLASS = YES_ERROR;
				CLANG_WARN_QUOTED_INCLUDE_IN_FRAMEWORK_HEADER = YES;
				CLANG_WARN_RANGE_LOOP_ANALYSIS = YES;
				CLANG_WARN_STRICT_PROTOTYPES = YES;
				CLANG_WARN_SUSPICIOUS_MOVE = YES;
				CLANG_WARN_UNGUARDED_AVAILABILITY = YES_AGGRESSIVE;
				CLANG_WARN_UNREACHABLE_CODE = YES;
				CLANG_WARN__DUPLICATE_METHOD_MATCH = YES;
				COPY_PHASE_STRIP = NO;
				DEBUG_INFORMATION_FORMAT = dwarf;
				ENABLE_STRICT_OBJC_MSGSEND = YES;
				ENABLE_TESTABILITY = YES;
				ENABLE_USER_SCRIPT_SANDBOXING = YES;
				GCC_C_LANGUAGE_STANDARD = gnu17;
				GCC_DYNAMIC_NO_PIC = NO;
				GCC_NO_COMMON_BLOCKS = YES;
				GCC_OPTIMIZATION_LEVEL = 0;
				GCC_PREPROCESSOR_DEFINITIONS = (
					"DEBUG=1",
					"$(inherited)",
				);
				GCC_WARN_64_TO_32_BIT_CONVERSION = YES;
				GCC_WARN_ABOUT_RETURN_TYPE = YES_ERROR;
				GCC_WARN_UNDECLARED_SELECTOR = YES;
				GCC_WARN_UNINITIALIZED_AUTOS = YES_AGGRESSIVE;
				GCC_WARN_UNUSED_FUNCTION = YES;
				GCC_WARN_UNUSED_VARIABLE = YES;
				IPHONEOS_DEPLOYMENT_TARGET = 26.2;
				LOCALIZATION_PREFERS_STRING_CATALOGS = YES;
				MTL_ENABLE_DEBUG_INFO = INCLUDE_SOURCE;
				MTL_FAST_MATH = YES;
				ONLY_ACTIVE_ARCH = YES;
				SDKROOT = iphoneos;
				SWIFT_ACTIVE_COMPILATION_CONDITIONS = "DEBUG $(inherited)";
				SWIFT_OPTIMIZATION_LEVEL = "-Onone";
			};
			name = Debug;
		};
		335177F92F84E9AF003A6435 /* Release */ = {
			isa = XCBuildConfiguration;
			buildSettings = {
				ALWAYS_SEARCH_USER_PATHS = NO;
				ASSETCATALOG_COMPILER_GENERATE_SWIFT_ASSET_SYMBOL_EXTENSIONS = YES;
				CLANG_ANALYZER_NONNULL = YES;
				CLANG_ANALYZER_NUMBER_OBJECT_CONVERSION = YES_AGGRESSIVE;
				CLANG_CXX_LANGUAGE_STANDARD = "gnu++20";
				CLANG_ENABLE_MODULES = YES;
				CLANG_ENABLE_OBJC_ARC = YES;
				CLANG_ENABLE_OBJC_WEAK = YES;
				CLANG_WARN_BLOCK_CAPTURE_AUTORELEASING = YES;
				CLANG_WARN_BOOL_CONVERSION = YES;
				CLANG_WARN_COMMA = YES;
				CLANG_WARN_CONSTANT_CONVERSION = YES;
				CLANG_WARN_DEPRECATED_OBJC_IMPLEMENTATIONS = YES;
				CLANG_WARN_DIRECT_OBJC_ISA_USAGE = YES_ERROR;
				CLANG_WARN_DOCUMENTATION_COMMENTS = YES;
				CLANG_WARN_EMPTY_BODY = YES;
				CLANG_WARN_ENUM_CONVERSION = YES;
				CLANG_WARN_INFINITE_RECURSION = YES;
				CLANG_WARN_INT_CONVERSION = YES;
				CLANG_WARN_NON_LITERAL_NULL_CONVERSION = YES;
				CLANG_WARN_OBJC_IMPLICIT_RETAIN_SELF = YES;
				CLANG_WARN_OBJC_LITERAL_CONVERSION = YES;
				CLANG_WARN_OBJC_ROOT_CLASS = YES_ERROR;
				CLANG_WARN_QUOTED_INCLUDE_IN_FRAMEWORK_HEADER = YES;
				CLANG_WARN_RANGE_LOOP_ANALYSIS = YES;
				CLANG_WARN_STRICT_PROTOTYPES = YES;
				CLANG_WARN_SUSPICIOUS_MOVE = YES;
				CLANG_WARN_UNGUARDED_AVAILABILITY = YES_AGGRESSIVE;
				CLANG_WARN_UNREACHABLE_CODE = YES;
				CLANG_WARN__DUPLICATE_METHOD_MATCH = YES;
				COPY_PHASE_STRIP = NO;
				DEBUG_INFORMATION_FORMAT = "dwarf-with-dsym";
				ENABLE_NS_ASSERTIONS = NO;
				ENABLE_STRICT_OBJC_MSGSEND = YES;
				ENABLE_USER_SCRIPT_SANDBOXING = YES;
				GCC_C_LANGUAGE_STANDARD = gnu17;
				GCC_NO_COMMON_BLOCKS = YES;
				GCC_WARN_64_TO_32_BIT_CONVERSION = YES;
				GCC_WARN_ABOUT_RETURN_TYPE = YES_ERROR;
				GCC_WARN_UNDECLARED_SELECTOR = YES;
				GCC_WARN_UNINITIALIZED_AUTOS = YES_AGGRESSIVE;
				GCC_WARN_UNUSED_FUNCTION = YES;
				GCC_WARN_UNUSED_VARIABLE = YES;
				IPHONEOS_DEPLOYMENT_TARGET = 26.2;
				LOCALIZATION_PREFERS_STRING_CATALOGS = YES;
				MTL_ENABLE_DEBUG_INFO = NO;
				MTL_FAST_MATH = YES;
				SDKROOT = iphoneos;
				SWIFT_COMPILATION_MODE = wholemodule;
				VALIDATE_PRODUCT = YES;
			};
			name = Release;
		};
		335177FB2F84E9AF003A6435 /* Debug */ = {
			isa = XCBuildConfiguration;
			buildSettings = {
				ASSETCATALOG_COMPILER_APPICON_NAME = AppIcon;
				ASSETCATALOG_COMPILER_GLOBAL_ACCENT_COLOR_NAME = AccentColor;
				CODE_SIGN_ENTITLEMENTS = "care link/care_link.entitlements";
				CODE_SIGN_STYLE = Automatic;
				CURRENT_PROJECT_VERSION = 1;
				ENABLE_PREVIEWS = YES;
				GENERATE_INFOPLIST_FILE = YES;
				INFOPLIST_FILE = Info.plist;
				INFOPLIST_KEY_NSCalendarsFullAccessUsageDescription = "CareLink can add your bookings to your calendar for easy scheduling.";
				INFOPLIST_KEY_NSFaceIDUsageDescription = "Confirm your identity to access your private health records.";
				INFOPLIST_KEY_NSHealthShareUsageDescription = "CareLink reads heart rate, oxygen, and respiratory metrics from Apple Health to show your health monitor.";
				INFOPLIST_KEY_NSLocationWhenInUseUsageDescription = "CareLink needs your location to find nearby caregivers.";
				INFOPLIST_KEY_UIApplicationSceneManifest_Generation = YES;
				INFOPLIST_KEY_UIApplicationSupportsIndirectInputEvents = YES;
				INFOPLIST_KEY_UILaunchScreen_Generation = YES;
				INFOPLIST_KEY_UISupportedInterfaceOrientations_iPad = "UIInterfaceOrientationPortrait UIInterfaceOrientationPortraitUpsideDown UIInterfaceOrientationLandscapeLeft UIInterfaceOrientationLandscapeRight";
				INFOPLIST_KEY_UISupportedInterfaceOrientations_iPhone = "UIInterfaceOrientationPortrait UIInterfaceOrientationLandscapeLeft UIInterfaceOrientationLandscapeRight";
				LD_RUNPATH_SEARCH_PATHS = (
					"$(inherited)",
					"@executable_path/Frameworks",
				);
				MARKETING_VERSION = 1.0;
				PRODUCT_BUNDLE_IDENTIFIER = "cobsccomp242p-27.care-link";
				PRODUCT_NAME = "$(TARGET_NAME)";
				STRING_CATALOG_GENERATE_SYMBOLS = YES;
				SWIFT_APPROACHABLE_CONCURRENCY = YES;
				SWIFT_DEFAULT_ACTOR_ISOLATION = MainActor;
				SWIFT_EMIT_LOC_STRINGS = YES;
				SWIFT_UPCOMING_FEATURE_MEMBER_IMPORT_VISIBILITY = YES;
				SWIFT_VERSION = 5.0;
				TARGETED_DEVICE_FAMILY = "1,2";
			};
			name = Debug;
		};
		335177FC2F84E9AF003A6435 /* Release */ = {
			isa = XCBuildConfiguration;
			buildSettings = {
				ASSETCATALOG_COMPILER_APPICON_NAME = AppIcon;
				ASSETCATALOG_COMPILER_GLOBAL_ACCENT_COLOR_NAME = AccentColor;
				CODE_SIGN_ENTITLEMENTS = "care link/care_link.entitlements";
				CODE_SIGN_STYLE = Automatic;
				CURRENT_PROJECT_VERSION = 1;
				ENABLE_PREVIEWS = YES;
				GENERATE_INFOPLIST_FILE = YES;
				INFOPLIST_FILE = Info.plist;
				INFOPLIST_KEY_NSCalendarsFullAccessUsageDescription = "CareLink can add your bookings to your calendar for easy scheduling.";
				INFOPLIST_KEY_NSFaceIDUsageDescription = "Confirm your identity to access your private health records.";
				INFOPLIST_KEY_NSHealthShareUsageDescription = "CareLink reads heart rate, oxygen, and respiratory metrics from Apple Health to show your health monitor.";
				INFOPLIST_KEY_NSLocationWhenInUseUsageDescription = "CareLink needs your location to find nearby caregivers.";
				INFOPLIST_KEY_UIApplicationSceneManifest_Generation = YES;
				INFOPLIST_KEY_UIApplicationSupportsIndirectInputEvents = YES;
				INFOPLIST_KEY_UILaunchScreen_Generation = YES;
				INFOPLIST_KEY_UISupportedInterfaceOrientations_iPad = "UIInterfaceOrientationPortrait UIInterfaceOrientationPortraitUpsideDown UIInterfaceOrientationLandscapeLeft UIInterfaceOrientationLandscapeRight";
				INFOPLIST_KEY_UISupportedInterfaceOrientations_iPhone = "UIInterfaceOrientationPortrait UIInterfaceOrientationLandscapeLeft UIInterfaceOrientationLandscapeRight";
				LD_RUNPATH_SEARCH_PATHS = (
					"$(inherited)",
					"@executable_path/Frameworks",
				);
				MARKETING_VERSION = 1.0;
				PRODUCT_BUNDLE_IDENTIFIER = "cobsccomp242p-27.care-link";
				PRODUCT_NAME = "$(TARGET_NAME)";
				STRING_CATALOG_GENERATE_SYMBOLS = YES;
				SWIFT_APPROACHABLE_CONCURRENCY = YES;
				SWIFT_DEFAULT_ACTOR_ISOLATION = MainActor;
				SWIFT_EMIT_LOC_STRINGS = YES;
				SWIFT_UPCOMING_FEATURE_MEMBER_IMPORT_VISIBILITY = YES;
				SWIFT_VERSION = 5.0;
				TARGETED_DEVICE_FAMILY = "1,2";
			};
			name = Release;
		};
/* End XCBuildConfiguration section */

/* Begin XCConfigurationList section */
		3307E50B2F9FA7010044A831 /* Build configuration list for PBXNativeTarget "care link Watch App" */ = {
			isa = XCConfigurationList;
			buildConfigurations = (
				3307E50C2F9FA7010044A831 /* Debug */,
				3307E50D2F9FA7010044A831 /* Release */,
			);
			defaultConfigurationIsVisible = 0;
			defaultConfigurationName = Release;
		};
		335177EA2F84E9AD003A6435 /* Build configuration list for PBXProject "care link" */ = {
			isa = XCConfigurationList;
			buildConfigurations = (
				335177F82F84E9AF003A6435 /* Debug */,
				335177F92F84E9AF003A6435 /* Release */,
			);
			defaultConfigurationIsVisible = 0;
			defaultConfigurationName = Release;
		};
		335177FA2F84E9AF003A6435 /* Build configuration list for PBXNativeTarget "care link" */ = {
			isa = XCConfigurationList;
			buildConfigurations = (
				335177FB2F84E9AF003A6435 /* Debug */,
				335177FC2F84E9AF003A6435 /* Release */,
			);
			defaultConfigurationIsVisible = 0;
			defaultConfigurationName = Release;
		};
/* End XCConfigurationList section */

/* Begin XCRemoteSwiftPackageReference section */
		337F59BF2F851F9C00AD285A /* XCRemoteSwiftPackageReference "GoogleSignIn-iOS" */ = {
			isa = XCRemoteSwiftPackageReference;
			repositoryURL = "https://github.com/google/GoogleSignIn-iOS";
			requirement = {
				kind = upToNextMajorVersion;
				minimumVersion = 9.1.0;
			};
		};
		CA00A0012F84E9AD003A6435 /* XCRemoteSwiftPackageReference "firebase-ios-sdk" */ = {
			isa = XCRemoteSwiftPackageReference;
			repositoryURL = "https://github.com/firebase/firebase-ios-sdk";
			requirement = {
				kind = upToNextMajorVersion;
				minimumVersion = 11.0.0;
			};
		};
/* End XCRemoteSwiftPackageReference section */

/* Begin XCSwiftPackageProductDependency section */
		337F59C02F851F9D00AD285A /* GoogleSignIn */ = {
			isa = XCSwiftPackageProductDependency;
			package = 337F59BF2F851F9C00AD285A /* XCRemoteSwiftPackageReference "GoogleSignIn-iOS" */;
			productName = GoogleSignIn;
		};
		337F59C22F851F9D00AD285A /* GoogleSignInSwift */ = {
			isa = XCSwiftPackageProductDependency;
			package = 337F59BF2F851F9C00AD285A /* XCRemoteSwiftPackageReference "GoogleSignIn-iOS" */;
			productName = GoogleSignInSwift;
		};
		CA00A0022F84E9AD003A6435 /* FirebaseAuth */ = {
			isa = XCSwiftPackageProductDependency;
			package = CA00A0012F84E9AD003A6435 /* XCRemoteSwiftPackageReference "firebase-ios-sdk" */;
			productName = FirebaseAuth;
		};
		CA00A0032F84E9AD003A6435 /* FirebaseFirestore */ = {
			isa = XCSwiftPackageProductDependency;
			package = CA00A0012F84E9AD003A6435 /* XCRemoteSwiftPackageReference "firebase-ios-sdk" */;
			productName = FirebaseFirestore;
		};
		CA00A0042F84E9AD003A6435 /* FirebaseMessaging */ = {
			isa = XCSwiftPackageProductDependency;
			package = CA00A0012F84E9AD003A6435 /* XCRemoteSwiftPackageReference "firebase-ios-sdk" */;
			productName = FirebaseMessaging;
		};
		CA00A0052F84E9AD003A6435 /* FirebaseStorage */ = {
			isa = XCSwiftPackageProductDependency;
			package = CA00A0012F84E9AD003A6435 /* XCRemoteSwiftPackageReference "firebase-ios-sdk" */;
			productName = FirebaseStorage;
		};
/* End XCSwiftPackageProductDependency section */
	};
	rootObject = 335177E72F84E9AD003A6435 /* Project object */;
}
